// !$*UTF8*$!
{
	archiveVersion = 1;
	classes = {
	};
	objectVersion = 51;
	objects = {

/* Begin PBXBuildFile section */
		210DEA2585B0CF5DC85BE21B /* Pods_KvartaKavy.framework in Frameworks */ = {isa = PBXBuildFile; fileRef = 57A30086F3FCAF0523D0D560 /* Pods_KvartaKavy.framework */; };
		6F10B0B023FF371800358C2A /* TableView+RegisterCell.swift in Sources */ = {isa = PBXBuildFile; fileRef = 6F10B0AF23FF371800358C2A /* TableView+RegisterCell.swift */; };
		6F1A289024119CC800293C5C /* SaleInteractor.swift in Sources */ = {isa = PBXBuildFile; fileRef = 6F1A288B24119CBF00293C5C /* SaleInteractor.swift */; };
		6F1A289124119CC800293C5C /* SaleView.swift in Sources */ = {isa = PBXBuildFile; fileRef = 6F1A288C24119CC200293C5C /* SaleView.swift */; };
		6F1A289224119CC800293C5C /* SalePresenter.swift in Sources */ = {isa = PBXBuildFile; fileRef = 6F1A288D24119CC400293C5C /* SalePresenter.swift */; };
		6F1A289324119CC800293C5C /* SaleConfigurator.swift in Sources */ = {isa = PBXBuildFile; fileRef = 6F1A288E24119CC600293C5C /* SaleConfigurator.swift */; };
		6F1A289424119CC800293C5C /* SaleLoginRouter.swift in Sources */ = {isa = PBXBuildFile; fileRef = 6F1A288F24119CC800293C5C /* SaleLoginRouter.swift */; };
		6F1A289624119CD900293C5C /* Sale.storyboard in Resources */ = {isa = PBXBuildFile; fileRef = 6F1A289524119CD900293C5C /* Sale.storyboard */; };
		6F1FE2E4241197B300CCB673 /* SignInConfigurator.swift in Sources */ = {isa = PBXBuildFile; fileRef = 6F1FE2DF241197AB00CCB673 /* SignInConfigurator.swift */; };
		6F1FE2E5241197B300CCB673 /* SignInRouter.swift in Sources */ = {isa = PBXBuildFile; fileRef = 6F1FE2E0241197AC00CCB673 /* SignInRouter.swift */; };
		6F1FE2E6241197B300CCB673 /* SignInView.swift in Sources */ = {isa = PBXBuildFile; fileRef = 6F1FE2E1241197AD00CCB673 /* SignInView.swift */; };
		6F1FE2E7241197B300CCB673 /* SignInInteractor.swift in Sources */ = {isa = PBXBuildFile; fileRef = 6F1FE2E2241197B100CCB673 /* SignInInteractor.swift */; };
		6F1FE2E8241197B300CCB673 /* SignInPresenter.swift in Sources */ = {isa = PBXBuildFile; fileRef = 6F1FE2E3241197B200CCB673 /* SignInPresenter.swift */; };
		6F1FE2EA2411980300CCB673 /* Authentication.storyboard in Resources */ = {isa = PBXBuildFile; fileRef = 6F1FE2E92411980300CCB673 /* Authentication.storyboard */; };
		6F1FE2F2241199B500CCB673 /* SignUpInteractor.swift in Sources */ = {isa = PBXBuildFile; fileRef = 6F1FE2ED241199AF00CCB673 /* SignUpInteractor.swift */; };
		6F1FE2F3241199B500CCB673 /* SignUpRouter.swift in Sources */ = {isa = PBXBuildFile; fileRef = 6F1FE2EE241199B100CCB673 /* SignUpRouter.swift */; };
		6F1FE2F4241199B500CCB673 /* SignUpPresenter.swift in Sources */ = {isa = PBXBuildFile; fileRef = 6F1FE2EF241199B200CCB673 /* SignUpPresenter.swift */; };
		6F1FE2F5241199B500CCB673 /* SignUpConfigurator.swift in Sources */ = {isa = PBXBuildFile; fileRef = 6F1FE2F0241199B300CCB673 /* SignUpConfigurator.swift */; };
		6F1FE2F6241199B500CCB673 /* SignUpView.swift in Sources */ = {isa = PBXBuildFile; fileRef = 6F1FE2F1241199B500CCB673 /* SignUpView.swift */; };
		6F22A98523EF12700070FDAF /* AppDelegate.swift in Sources */ = {isa = PBXBuildFile; fileRef = 6F22A98423EF12700070FDAF /* AppDelegate.swift */; };
		6F22A98C23EF12700070FDAF /* MainRoot.storyboard in Resources */ = {isa = PBXBuildFile; fileRef = 6F22A98A23EF12700070FDAF /* MainRoot.storyboard */; };
		6F22A98E23EF12720070FDAF /* Assets.xcassets in Resources */ = {isa = PBXBuildFile; fileRef = 6F22A98D23EF12720070FDAF /* Assets.xcassets */; };
		6F22A99123EF12720070FDAF /* LaunchScreen.storyboard in Resources */ = {isa = PBXBuildFile; fileRef = 6F22A98F23EF12720070FDAF /* LaunchScreen.storyboard */; };
		6F22A99D23EF13190070FDAF /* RootTabBarController.swift in Sources */ = {isa = PBXBuildFile; fileRef = 6F22A99C23EF13190070FDAF /* RootTabBarController.swift */; };
		6F22A9A023EF13400070FDAF /* Article.storyboard in Resources */ = {isa = PBXBuildFile; fileRef = 6F22A99F23EF13400070FDAF /* Article.storyboard */; };
		6F22A9A323EF13C40070FDAF /* ArticleListView.swift in Sources */ = {isa = PBXBuildFile; fileRef = 6F22A9A223EF13C40070FDAF /* ArticleListView.swift */; };
		6F23F45E23F984570047B9AB /* ArticleListRouter.swift in Sources */ = {isa = PBXBuildFile; fileRef = 6F23F45D23F984570047B9AB /* ArticleListRouter.swift */; };
		6F23F46023F984740047B9AB /* UIStoryboard+Name.swift in Sources */ = {isa = PBXBuildFile; fileRef = 6F23F45F23F984740047B9AB /* UIStoryboard+Name.swift */; };
		6F23F46223F991430047B9AB /* ArticleListInteractor.swift in Sources */ = {isa = PBXBuildFile; fileRef = 6F23F46123F991430047B9AB /* ArticleListInteractor.swift */; };
		6F28BE0024006DD600CD0A9D /* ArticleListDataSource.swift in Sources */ = {isa = PBXBuildFile; fileRef = 6F28BDFF24006DD600CD0A9D /* ArticleListDataSource.swift */; };
		6F39202F23F86CAC0061396C /* Routerable.swift in Sources */ = {isa = PBXBuildFile; fileRef = 6F39202E23F86CAC0061396C /* Routerable.swift */; };
		6F39203123F86D420061396C /* Viewable.swift in Sources */ = {isa = PBXBuildFile; fileRef = 6F39203023F86D420061396C /* Viewable.swift */; };
		6F39203323F86D6E0061396C /* Presentable.swift in Sources */ = {isa = PBXBuildFile; fileRef = 6F39203223F86D6E0061396C /* Presentable.swift */; };
		6F39203523F86D8B0061396C /* Interactorable.swift in Sources */ = {isa = PBXBuildFile; fileRef = 6F39203423F86D8B0061396C /* Interactorable.swift */; };
		6F39203723F86DC00061396C /* TableViewItemDataSource.swift in Sources */ = {isa = PBXBuildFile; fileRef = 6F39203623F86DC00061396C /* TableViewItemDataSource.swift */; };
		6F39203F23F8794A0061396C /* ArticleRemote.swift in Sources */ = {isa = PBXBuildFile; fileRef = 6F39203E23F8794A0061396C /* ArticleRemote.swift */; };
		6F39204123F87D3A0061396C /* RemoteDataStore.swift in Sources */ = {isa = PBXBuildFile; fileRef = 6F39204023F87D3A0061396C /* RemoteDataStore.swift */; };
		6F39204323F87D930061396C /* Storable.swift in Sources */ = {isa = PBXBuildFile; fileRef = 6F39204223F87D930061396C /* Storable.swift */; };
		6F39204523F896600061396C /* ApiError.swift in Sources */ = {isa = PBXBuildFile; fileRef = 6F39204423F8965F0061396C /* ApiError.swift */; };
		6F39204723F8ACBE0061396C /* Storyboard+initViewController.swift in Sources */ = {isa = PBXBuildFile; fileRef = 6F39204623F8ACBE0061396C /* Storyboard+initViewController.swift */; };
		6F39204A23F8ACF10061396C /* NSObject+ClassName.swift in Sources */ = {isa = PBXBuildFile; fileRef = 6F39204923F8ACF10061396C /* NSObject+ClassName.swift */; };
		6F39204C23F8AD660061396C /* ArticleListPresenter.swift in Sources */ = {isa = PBXBuildFile; fileRef = 6F39204B23F8AD660061396C /* ArticleListPresenter.swift */; };
		6FA10486240AA54C0016D73A /* ArticleDetailsEntity.swift in Sources */ = {isa = PBXBuildFile; fileRef = 6FA10485240AA54C0016D73A /* ArticleDetailsEntity.swift */; };
		6FAA3F6E2411939900F41F20 /* AboutIteractor.swift in Sources */ = {isa = PBXBuildFile; fileRef = 6FAA3F692411939400F41F20 /* AboutIteractor.swift */; };
		6FAA3F6F2411939900F41F20 /* AboutView.swift in Sources */ = {isa = PBXBuildFile; fileRef = 6FAA3F6A2411939500F41F20 /* AboutView.swift */; };
		6FAA3F702411939900F41F20 /* AboutPresenter.swift in Sources */ = {isa = PBXBuildFile; fileRef = 6FAA3F6B2411939600F41F20 /* AboutPresenter.swift */; };
		6FAA3F712411939900F41F20 /* AboutConfigurator.swift in Sources */ = {isa = PBXBuildFile; fileRef = 6FAA3F6C2411939800F41F20 /* AboutConfigurator.swift */; };
		6FAA3F722411939900F41F20 /* AboutRouter.swift in Sources */ = {isa = PBXBuildFile; fileRef = 6FAA3F6D2411939900F41F20 /* AboutRouter.swift */; };
		6FB4D0CD23EF303D00B1D981 /* Color+Style.swift in Sources */ = {isa = PBXBuildFile; fileRef = 6FB4D0CC23EF303D00B1D981 /* Color+Style.swift */; };
		6FB4D0CF23EF30AC00B1D981 /* Color+Hex.swift in Sources */ = {isa = PBXBuildFile; fileRef = 6FB4D0CE23EF30AC00B1D981 /* Color+Hex.swift */; };
		6FB4D0D223EF663500B1D981 /* About.storyboard in Resources */ = {isa = PBXBuildFile; fileRef = 6FB4D0D123EF663500B1D981 /* About.storyboard */; };
		6FBCFBF2240A762E006BDE89 /* AnimationFactory.swift in Sources */ = {isa = PBXBuildFile; fileRef = 6FBCFBF1240A762E006BDE89 /* AnimationFactory.swift */; };
		6FBCFBF9240A981B006BDE89 /* ArticleDetailsPresenter.swift in Sources */ = {isa = PBXBuildFile; fileRef = 6FBCFBF4240A9816006BDE89 /* ArticleDetailsPresenter.swift */; };
		6FBCFBFA240A981B006BDE89 /* ArticleDetailsConfigurator.swift in Sources */ = {isa = PBXBuildFile; fileRef = 6FBCFBF5240A9817006BDE89 /* ArticleDetailsConfigurator.swift */; };
		6FBCFBFB240A981B006BDE89 /* ArticleDetailsViewController.swift in Sources */ = {isa = PBXBuildFile; fileRef = 6FBCFBF6240A9818006BDE89 /* ArticleDetailsViewController.swift */; };
		6FBCFBFC240A981B006BDE89 /* ArticleDetailsInteractor.swift in Sources */ = {isa = PBXBuildFile; fileRef = 6FBCFBF7240A981A006BDE89 /* ArticleDetailsInteractor.swift */; };
		6FBCFBFD240A981B006BDE89 /* ArticleDetailsRouter.swift in Sources */ = {isa = PBXBuildFile; fileRef = 6FBCFBF8240A981B006BDE89 /* ArticleDetailsRouter.swift */; };
		6FBCFBFF240A9C01006BDE89 /* ArticleListConfigurator.swift in Sources */ = {isa = PBXBuildFile; fileRef = 6FBCFBFE240A9C01006BDE89 /* ArticleListConfigurator.swift */; };
		6FF6422F23FF243D0065E65E /* LocalDataStore.swift in Sources */ = {isa = PBXBuildFile; fileRef = 6FF6422E23FF243D0065E65E /* LocalDataStore.swift */; };
		6FF6423123FF24C20065E65E /* DataStoreService.swift in Sources */ = {isa = PBXBuildFile; fileRef = 6FF6423023FF24C20065E65E /* DataStoreService.swift */; };
		8557889023FAFB0A00A669EB /* GoogleService-Info.plist in Resources */ = {isa = PBXBuildFile; fileRef = 8557888E23FAFA5A00A669EB /* GoogleService-Info.plist */; };
		8557889323FAFD2400A669EB /* ArticleLocal.swift in Sources */ = {isa = PBXBuildFile; fileRef = 8557889223FAFD2400A669EB /* ArticleLocal.swift */; };
		85A111FE23FEF01B00A9E37D /* RealmResult+Array.swift in Sources */ = {isa = PBXBuildFile; fileRef = 85A111FD23FEF01B00A9E37D /* RealmResult+Array.swift */; };
		85DC58D424056FB20076BACA /* ArticleListTableViewCell.xib in Resources */ = {isa = PBXBuildFile; fileRef = 85DC58D224056FB10076BACA /* ArticleListTableViewCell.xib */; };
		85DC58D524056FB20076BACA /* ArticleListTableViewCell.swift in Sources */ = {isa = PBXBuildFile; fileRef = 85DC58D324056FB20076BACA /* ArticleListTableViewCell.swift */; };
		85DC58D7240582680076BACA /* UIView+Gradient.swift in Sources */ = {isa = PBXBuildFile; fileRef = 85DC58D6240582680076BACA /* UIView+Gradient.swift */; };
/* End PBXBuildFile section */

/* Begin PBXFileReference section */
		189530BBB1549E2FC407D201 /* Pods-KvartaKavy.debug.xcconfig */ = {isa = PBXFileReference; includeInIndex = 1; lastKnownFileType = text.xcconfig; name = "Pods-KvartaKavy.debug.xcconfig"; path = "Target Support Files/Pods-KvartaKavy/Pods-KvartaKavy.debug.xcconfig"; sourceTree = "<group>"; };
		57A30086F3FCAF0523D0D560 /* Pods_KvartaKavy.framework */ = {isa = PBXFileReference; explicitFileType = wrapper.framework; includeInIndex = 0; path = Pods_KvartaKavy.framework; sourceTree = BUILT_PRODUCTS_DIR; };
		6F10B0AF23FF371800358C2A /* TableView+RegisterCell.swift */ = {isa = PBXFileReference; lastKnownFileType = sourcecode.swift; path = "TableView+RegisterCell.swift"; sourceTree = "<group>"; };
		6F1A288B24119CBF00293C5C /* SaleInteractor.swift */ = {isa = PBXFileReference; fileEncoding = 4; lastKnownFileType = sourcecode.swift; path = SaleInteractor.swift; sourceTree = "<group>"; };
		6F1A288C24119CC200293C5C /* SaleView.swift */ = {isa = PBXFileReference; fileEncoding = 4; lastKnownFileType = sourcecode.swift; path = SaleView.swift; sourceTree = "<group>"; };
		6F1A288D24119CC400293C5C /* SalePresenter.swift */ = {isa = PBXFileReference; fileEncoding = 4; lastKnownFileType = sourcecode.swift; path = SalePresenter.swift; sourceTree = "<group>"; };
		6F1A288E24119CC600293C5C /* SaleConfigurator.swift */ = {isa = PBXFileReference; fileEncoding = 4; lastKnownFileType = sourcecode.swift; path = SaleConfigurator.swift; sourceTree = "<group>"; };
		6F1A288F24119CC800293C5C /* SaleLoginRouter.swift */ = {isa = PBXFileReference; fileEncoding = 4; lastKnownFileType = sourcecode.swift; path = SaleLoginRouter.swift; sourceTree = "<group>"; };
		6F1A289524119CD900293C5C /* Sale.storyboard */ = {isa = PBXFileReference; lastKnownFileType = file.storyboard; path = Sale.storyboard; sourceTree = "<group>"; };
		6F1FE2DF241197AB00CCB673 /* SignInConfigurator.swift */ = {isa = PBXFileReference; fileEncoding = 4; lastKnownFileType = sourcecode.swift; path = SignInConfigurator.swift; sourceTree = "<group>"; };
		6F1FE2E0241197AC00CCB673 /* SignInRouter.swift */ = {isa = PBXFileReference; fileEncoding = 4; lastKnownFileType = sourcecode.swift; path = SignInRouter.swift; sourceTree = "<group>"; };
		6F1FE2E1241197AD00CCB673 /* SignInView.swift */ = {isa = PBXFileReference; fileEncoding = 4; lastKnownFileType = sourcecode.swift; path = SignInView.swift; sourceTree = "<group>"; };
		6F1FE2E2241197B100CCB673 /* SignInInteractor.swift */ = {isa = PBXFileReference; fileEncoding = 4; lastKnownFileType = sourcecode.swift; path = SignInInteractor.swift; sourceTree = "<group>"; };
		6F1FE2E3241197B200CCB673 /* SignInPresenter.swift */ = {isa = PBXFileReference; fileEncoding = 4; lastKnownFileType = sourcecode.swift; path = SignInPresenter.swift; sourceTree = "<group>"; };
		6F1FE2E92411980300CCB673 /* Authentication.storyboard */ = {isa = PBXFileReference; lastKnownFileType = file.storyboard; path = Authentication.storyboard; sourceTree = "<group>"; };
		6F1FE2ED241199AF00CCB673 /* SignUpInteractor.swift */ = {isa = PBXFileReference; fileEncoding = 4; lastKnownFileType = sourcecode.swift; path = SignUpInteractor.swift; sourceTree = "<group>"; };
		6F1FE2EE241199B100CCB673 /* SignUpRouter.swift */ = {isa = PBXFileReference; fileEncoding = 4; lastKnownFileType = sourcecode.swift; path = SignUpRouter.swift; sourceTree = "<group>"; };
		6F1FE2EF241199B200CCB673 /* SignUpPresenter.swift */ = {isa = PBXFileReference; fileEncoding = 4; lastKnownFileType = sourcecode.swift; path = SignUpPresenter.swift; sourceTree = "<group>"; };
		6F1FE2F0241199B300CCB673 /* SignUpConfigurator.swift */ = {isa = PBXFileReference; fileEncoding = 4; lastKnownFileType = sourcecode.swift; path = SignUpConfigurator.swift; sourceTree = "<group>"; };
		6F1FE2F1241199B500CCB673 /* SignUpView.swift */ = {isa = PBXFileReference; fileEncoding = 4; lastKnownFileType = sourcecode.swift; path = SignUpView.swift; sourceTree = "<group>"; };
		6F22A98123EF12700070FDAF /* Kvarta Kavy.app */ = {isa = PBXFileReference; explicitFileType = wrapper.application; includeInIndex = 0; path = "Kvarta Kavy.app"; sourceTree = BUILT_PRODUCTS_DIR; };
		6F22A98423EF12700070FDAF /* AppDelegate.swift */ = {isa = PBXFileReference; lastKnownFileType = sourcecode.swift; path = AppDelegate.swift; sourceTree = "<group>"; };
		6F22A98B23EF12700070FDAF /* Base */ = {isa = PBXFileReference; lastKnownFileType = file.storyboard; name = Base; path = Base.lproj/MainRoot.storyboard; sourceTree = "<group>"; };
		6F22A98D23EF12720070FDAF /* Assets.xcassets */ = {isa = PBXFileReference; lastKnownFileType = folder.assetcatalog; path = Assets.xcassets; sourceTree = "<group>"; };
		6F22A99023EF12720070FDAF /* Base */ = {isa = PBXFileReference; lastKnownFileType = file.storyboard; name = Base; path = Base.lproj/LaunchScreen.storyboard; sourceTree = "<group>"; };
		6F22A99223EF12720070FDAF /* Info.plist */ = {isa = PBXFileReference; lastKnownFileType = text.plist.xml; path = Info.plist; sourceTree = "<group>"; };
		6F22A99C23EF13190070FDAF /* RootTabBarController.swift */ = {isa = PBXFileReference; lastKnownFileType = sourcecode.swift; path = RootTabBarController.swift; sourceTree = "<group>"; };
		6F22A99F23EF13400070FDAF /* Article.storyboard */ = {isa = PBXFileReference; lastKnownFileType = file.storyboard; path = Article.storyboard; sourceTree = "<group>"; };
		6F22A9A223EF13C40070FDAF /* ArticleListView.swift */ = {isa = PBXFileReference; lastKnownFileType = sourcecode.swift; path = ArticleListView.swift; sourceTree = "<group>"; };
		6F23F45D23F984570047B9AB /* ArticleListRouter.swift */ = {isa = PBXFileReference; lastKnownFileType = sourcecode.swift; path = ArticleListRouter.swift; sourceTree = "<group>"; };
		6F23F45F23F984740047B9AB /* UIStoryboard+Name.swift */ = {isa = PBXFileReference; lastKnownFileType = sourcecode.swift; path = "UIStoryboard+Name.swift"; sourceTree = "<group>"; };
		6F23F46123F991430047B9AB /* ArticleListInteractor.swift */ = {isa = PBXFileReference; lastKnownFileType = sourcecode.swift; path = ArticleListInteractor.swift; sourceTree = "<group>"; };
		6F28BDFF24006DD600CD0A9D /* ArticleListDataSource.swift */ = {isa = PBXFileReference; lastKnownFileType = sourcecode.swift; path = ArticleListDataSource.swift; sourceTree = "<group>"; };
		6F39202E23F86CAC0061396C /* Routerable.swift */ = {isa = PBXFileReference; lastKnownFileType = sourcecode.swift; path = Routerable.swift; sourceTree = "<group>"; };
		6F39203023F86D420061396C /* Viewable.swift */ = {isa = PBXFileReference; lastKnownFileType = sourcecode.swift; path = Viewable.swift; sourceTree = "<group>"; };
		6F39203223F86D6E0061396C /* Presentable.swift */ = {isa = PBXFileReference; lastKnownFileType = sourcecode.swift; path = Presentable.swift; sourceTree = "<group>"; };
		6F39203423F86D8B0061396C /* Interactorable.swift */ = {isa = PBXFileReference; lastKnownFileType = sourcecode.swift; path = Interactorable.swift; sourceTree = "<group>"; };
		6F39203623F86DC00061396C /* TableViewItemDataSource.swift */ = {isa = PBXFileReference; lastKnownFileType = sourcecode.swift; path = TableViewItemDataSource.swift; sourceTree = "<group>"; };
		6F39203E23F8794A0061396C /* ArticleRemote.swift */ = {isa = PBXFileReference; lastKnownFileType = sourcecode.swift; path = ArticleRemote.swift; sourceTree = "<group>"; };
		6F39204023F87D3A0061396C /* RemoteDataStore.swift */ = {isa = PBXFileReference; lastKnownFileType = sourcecode.swift; path = RemoteDataStore.swift; sourceTree = "<group>"; };
		6F39204223F87D930061396C /* Storable.swift */ = {isa = PBXFileReference; lastKnownFileType = sourcecode.swift; path = Storable.swift; sourceTree = "<group>"; };
		6F39204423F8965F0061396C /* ApiError.swift */ = {isa = PBXFileReference; lastKnownFileType = sourcecode.swift; path = ApiError.swift; sourceTree = "<group>"; };
		6F39204623F8ACBE0061396C /* Storyboard+initViewController.swift */ = {isa = PBXFileReference; lastKnownFileType = sourcecode.swift; path = "Storyboard+initViewController.swift"; sourceTree = "<group>"; };
		6F39204923F8ACF10061396C /* NSObject+ClassName.swift */ = {isa = PBXFileReference; lastKnownFileType = sourcecode.swift; path = "NSObject+ClassName.swift"; sourceTree = "<group>"; };
		6F39204B23F8AD660061396C /* ArticleListPresenter.swift */ = {isa = PBXFileReference; lastKnownFileType = sourcecode.swift; path = ArticleListPresenter.swift; sourceTree = "<group>"; };
		6FA10485240AA54C0016D73A /* ArticleDetailsEntity.swift */ = {isa = PBXFileReference; lastKnownFileType = sourcecode.swift; path = ArticleDetailsEntity.swift; sourceTree = "<group>"; };
		6FAA3F692411939400F41F20 /* AboutIteractor.swift */ = {isa = PBXFileReference; fileEncoding = 4; lastKnownFileType = sourcecode.swift; path = AboutIteractor.swift; sourceTree = "<group>"; };
		6FAA3F6A2411939500F41F20 /* AboutView.swift */ = {isa = PBXFileReference; fileEncoding = 4; lastKnownFileType = sourcecode.swift; path = AboutView.swift; sourceTree = "<group>"; };
		6FAA3F6B2411939600F41F20 /* AboutPresenter.swift */ = {isa = PBXFileReference; fileEncoding = 4; lastKnownFileType = sourcecode.swift; path = AboutPresenter.swift; sourceTree = "<group>"; };
		6FAA3F6C2411939800F41F20 /* AboutConfigurator.swift */ = {isa = PBXFileReference; fileEncoding = 4; lastKnownFileType = sourcecode.swift; path = AboutConfigurator.swift; sourceTree = "<group>"; };
		6FAA3F6D2411939900F41F20 /* AboutRouter.swift */ = {isa = PBXFileReference; fileEncoding = 4; lastKnownFileType = sourcecode.swift; path = AboutRouter.swift; sourceTree = "<group>"; };
		6FB4D0CC23EF303D00B1D981 /* Color+Style.swift */ = {isa = PBXFileReference; lastKnownFileType = sourcecode.swift; path = "Color+Style.swift"; sourceTree = "<group>"; };
		6FB4D0CE23EF30AC00B1D981 /* Color+Hex.swift */ = {isa = PBXFileReference; lastKnownFileType = sourcecode.swift; path = "Color+Hex.swift"; sourceTree = "<group>"; };
		6FB4D0D123EF663500B1D981 /* About.storyboard */ = {isa = PBXFileReference; lastKnownFileType = file.storyboard; path = About.storyboard; sourceTree = "<group>"; };
		6FBCFBF1240A762E006BDE89 /* AnimationFactory.swift */ = {isa = PBXFileReference; lastKnownFileType = sourcecode.swift; path = AnimationFactory.swift; sourceTree = "<group>"; };
		6FBCFBF4240A9816006BDE89 /* ArticleDetailsPresenter.swift */ = {isa = PBXFileReference; fileEncoding = 4; lastKnownFileType = sourcecode.swift; path = ArticleDetailsPresenter.swift; sourceTree = "<group>"; };
		6FBCFBF5240A9817006BDE89 /* ArticleDetailsConfigurator.swift */ = {isa = PBXFileReference; fileEncoding = 4; lastKnownFileType = sourcecode.swift; path = ArticleDetailsConfigurator.swift; sourceTree = "<group>"; };
		6FBCFBF6240A9818006BDE89 /* ArticleDetailsViewController.swift */ = {isa = PBXFileReference; fileEncoding = 4; lastKnownFileType = sourcecode.swift; path = ArticleDetailsViewController.swift; sourceTree = "<group>"; };
		6FBCFBF7240A981A006BDE89 /* ArticleDetailsInteractor.swift */ = {isa = PBXFileReference; fileEncoding = 4; lastKnownFileType = sourcecode.swift; path = ArticleDetailsInteractor.swift; sourceTree = "<group>"; };
		6FBCFBF8240A981B006BDE89 /* ArticleDetailsRouter.swift */ = {isa = PBXFileReference; fileEncoding = 4; lastKnownFileType = sourcecode.swift; path = ArticleDetailsRouter.swift; sourceTree = "<group>"; };
		6FBCFBFE240A9C01006BDE89 /* ArticleListConfigurator.swift */ = {isa = PBXFileReference; lastKnownFileType = sourcecode.swift; path = ArticleListConfigurator.swift; sourceTree = "<group>"; };
		6FF6422E23FF243D0065E65E /* LocalDataStore.swift */ = {isa = PBXFileReference; lastKnownFileType = sourcecode.swift; path = LocalDataStore.swift; sourceTree = "<group>"; };
		6FF6423023FF24C20065E65E /* DataStoreService.swift */ = {isa = PBXFileReference; lastKnownFileType = sourcecode.swift; path = DataStoreService.swift; sourceTree = "<group>"; };
		8557888E23FAFA5A00A669EB /* GoogleService-Info.plist */ = {isa = PBXFileReference; lastKnownFileType = text.plist.xml; name = "GoogleService-Info.plist"; path = "../../../../../Downloads/GoogleService-Info.plist"; sourceTree = "<group>"; };
		8557889223FAFD2400A669EB /* ArticleLocal.swift */ = {isa = PBXFileReference; lastKnownFileType = sourcecode.swift; path = ArticleLocal.swift; sourceTree = "<group>"; };
		85A111FD23FEF01B00A9E37D /* RealmResult+Array.swift */ = {isa = PBXFileReference; lastKnownFileType = sourcecode.swift; path = "RealmResult+Array.swift"; sourceTree = "<group>"; };
		85DC58D224056FB10076BACA /* ArticleListTableViewCell.xib */ = {isa = PBXFileReference; fileEncoding = 4; lastKnownFileType = file.xib; path = ArticleListTableViewCell.xib; sourceTree = "<group>"; };
		85DC58D324056FB20076BACA /* ArticleListTableViewCell.swift */ = {isa = PBXFileReference; fileEncoding = 4; lastKnownFileType = sourcecode.swift; path = ArticleListTableViewCell.swift; sourceTree = "<group>"; };
		85DC58D6240582680076BACA /* UIView+Gradient.swift */ = {isa = PBXFileReference; lastKnownFileType = sourcecode.swift; path = "UIView+Gradient.swift"; sourceTree = "<group>"; };
		E2BBDBDA5C97BF53F7647E2B /* Pods-KvartaKavy.release.xcconfig */ = {isa = PBXFileReference; includeInIndex = 1; lastKnownFileType = text.xcconfig; name = "Pods-KvartaKavy.release.xcconfig"; path = "Target Support Files/Pods-KvartaKavy/Pods-KvartaKavy.release.xcconfig"; sourceTree = "<group>"; };
/* End PBXFileReference section */

/* Begin PBXFrameworksBuildPhase section */
		6F22A97E23EF12700070FDAF /* Frameworks */ = {
			isa = PBXFrameworksBuildPhase;
			buildActionMask = 2147483647;
			files = (
				210DEA2585B0CF5DC85BE21B /* Pods_KvartaKavy.framework in Frameworks */,
			);
			runOnlyForDeploymentPostprocessing = 0;
		};
/* End PBXFrameworksBuildPhase section */

/* Begin PBXGroup section */
		44F8A1E9D6837C0BF396EF2F /* Frameworks */ = {
			isa = PBXGroup;
			children = (
				57A30086F3FCAF0523D0D560 /* Pods_KvartaKavy.framework */,
			);
			name = Frameworks;
			sourceTree = "<group>";
		};
		50526D28F4D5D265D885D352 /* Pods */ = {
			isa = PBXGroup;
			children = (
				189530BBB1549E2FC407D201 /* Pods-KvartaKavy.debug.xcconfig */,
				E2BBDBDA5C97BF53F7647E2B /* Pods-KvartaKavy.release.xcconfig */,
			);
			path = Pods;
			sourceTree = "<group>";
		};
		6F1A288A24119C9F00293C5C /* Sale */ = {
			isa = PBXGroup;
			children = (
				6F1A288E24119CC600293C5C /* SaleConfigurator.swift */,
				6F1A288B24119CBF00293C5C /* SaleInteractor.swift */,
				6F1A288D24119CC400293C5C /* SalePresenter.swift */,
				6F1A288F24119CC800293C5C /* SaleLoginRouter.swift */,
				6F1A288C24119CC200293C5C /* SaleView.swift */,
				6F1A289524119CD900293C5C /* Sale.storyboard */,
			);
			path = Sale;
			sourceTree = "<group>";
		};
		6F1FE2DE2411977400CCB673 /* Authentication */ = {
			isa = PBXGroup;
			children = (
				6F1FE2EC2411999F00CCB673 /* SingUp */,
				6F1FE2EB2411983600CCB673 /* SignIn */,
				6F1FE2E92411980300CCB673 /* Authentication.storyboard */,
			);
			path = Authentication;
			sourceTree = "<group>";
		};
		6F1FE2EB2411983600CCB673 /* SignIn */ = {
			isa = PBXGroup;
			children = (
				6F1FE2DF241197AB00CCB673 /* SignInConfigurator.swift */,
				6F1FE2E2241197B100CCB673 /* SignInInteractor.swift */,
				6F1FE2E3241197B200CCB673 /* SignInPresenter.swift */,
				6F1FE2E0241197AC00CCB673 /* SignInRouter.swift */,
				6F1FE2E1241197AD00CCB673 /* SignInView.swift */,
			);
			path = SignIn;
			sourceTree = "<group>";
		};
		6F1FE2EC2411999F00CCB673 /* SingUp */ = {
			isa = PBXGroup;
			children = (
				6F1FE2F0241199B300CCB673 /* SignUpConfigurator.swift */,
				6F1FE2ED241199AF00CCB673 /* SignUpInteractor.swift */,
				6F1FE2EF241199B200CCB673 /* SignUpPresenter.swift */,
				6F1FE2EE241199B100CCB673 /* SignUpRouter.swift */,
				6F1FE2F1241199B500CCB673 /* SignUpView.swift */,
			);
			path = SingUp;
			sourceTree = "<group>";
		};
		6F22A97823EF12700070FDAF = {
			isa = PBXGroup;
			children = (
				6F22A98323EF12700070FDAF /* KvartaKavy */,
				6F22A98223EF12700070FDAF /* Products */,
				50526D28F4D5D265D885D352 /* Pods */,
				44F8A1E9D6837C0BF396EF2F /* Frameworks */,
			);
			sourceTree = "<group>";
		};
		6F22A98223EF12700070FDAF /* Products */ = {
			isa = PBXGroup;
			children = (
				6F22A98123EF12700070FDAF /* Kvarta Kavy.app */,
			);
			name = Products;
			sourceTree = "<group>";
		};
		6F22A98323EF12700070FDAF /* KvartaKavy */ = {
			isa = PBXGroup;
			children = (
				6F39203D23F879300061396C /* Entity */,
				6F39203B23F878C50061396C /* DataStore */,
				6FB4D0CA23EF170F00B1D981 /* Core */,
				6FB4D0CB23EF302200B1D981 /* Extension */,
				6F22A99B23EF12C80070FDAF /* MainRoot */,
				6F1A288A24119C9F00293C5C /* Sale */,
				6FB4D0D023EF661E00B1D981 /* About */,
				6F22A99E23EF132B0070FDAF /* Feed */,
				6F1FE2DE2411977400CCB673 /* Authentication */,
				6F39204423F8965F0061396C /* ApiError.swift */,
			);
			path = KvartaKavy;
			sourceTree = "<group>";
		};
		6F22A99B23EF12C80070FDAF /* MainRoot */ = {
			isa = PBXGroup;
			children = (
				6F22A98A23EF12700070FDAF /* MainRoot.storyboard */,
				6F22A99C23EF13190070FDAF /* RootTabBarController.swift */,
			);
			path = MainRoot;
			sourceTree = "<group>";
		};
		6F22A99E23EF132B0070FDAF /* Feed */ = {
			isa = PBXGroup;
			children = (
				6FBCFBF3240A97FC006BDE89 /* ArticleDetails */,
				6F22A9A123EF13770070FDAF /* ArticleList */,
				6F22A99F23EF13400070FDAF /* Article.storyboard */,
			);
			path = Feed;
			sourceTree = "<group>";
		};
		6F22A9A123EF13770070FDAF /* ArticleList */ = {
			isa = PBXGroup;
			children = (
				6F28FBDE240453AF000C19CB /* Cell */,
				6F22A9A223EF13C40070FDAF /* ArticleListView.swift */,
				6FBCFBFE240A9C01006BDE89 /* ArticleListConfigurator.swift */,
				6F39204B23F8AD660061396C /* ArticleListPresenter.swift */,
				6F23F45D23F984570047B9AB /* ArticleListRouter.swift */,
				6F23F46123F991430047B9AB /* ArticleListInteractor.swift */,
				6F28BDFF24006DD600CD0A9D /* ArticleListDataSource.swift */,
			);
			path = ArticleList;
			sourceTree = "<group>";
		};
		6F28FBDE240453AF000C19CB /* Cell */ = {
			isa = PBXGroup;
			children = (
				85DC58D324056FB20076BACA /* ArticleListTableViewCell.swift */,
				85DC58D224056FB10076BACA /* ArticleListTableViewCell.xib */,
			);
			path = Cell;
			sourceTree = "<group>";
		};
		6F39202D23F86C730061396C /* Protocol */ = {
			isa = PBXGroup;
			children = (
				6F39202E23F86CAC0061396C /* Routerable.swift */,
				6F39203023F86D420061396C /* Viewable.swift */,
				6F39203223F86D6E0061396C /* Presentable.swift */,
				6F39203423F86D8B0061396C /* Interactorable.swift */,
				6F39203623F86DC00061396C /* TableViewItemDataSource.swift */,
				6F39204223F87D930061396C /* Storable.swift */,
			);
			path = Protocol;
			sourceTree = "<group>";
		};
		6F39203B23F878C50061396C /* DataStore */ = {
			isa = PBXGroup;
			children = (
				6F39204023F87D3A0061396C /* RemoteDataStore.swift */,
				6FF6422E23FF243D0065E65E /* LocalDataStore.swift */,
				6FF6423023FF24C20065E65E /* DataStoreService.swift */,
			);
			path = DataStore;
			sourceTree = "<group>";
		};
		6F39203D23F879300061396C /* Entity */ = {
			isa = PBXGroup;
			children = (
				6F39203E23F8794A0061396C /* ArticleRemote.swift */,
				8557889223FAFD2400A669EB /* ArticleLocal.swift */,
			);
			path = Entity;
			sourceTree = "<group>";
		};
		6FB4D0CA23EF170F00B1D981 /* Core */ = {
			isa = PBXGroup;
			children = (
				6FBCFBF0240A7619006BDE89 /* Utils */,
				6F39202D23F86C730061396C /* Protocol */,
				6F22A98423EF12700070FDAF /* AppDelegate.swift */,
				6F22A98D23EF12720070FDAF /* Assets.xcassets */,
				6F22A98F23EF12720070FDAF /* LaunchScreen.storyboard */,
				8557888E23FAFA5A00A669EB /* GoogleService-Info.plist */,
				6F22A99223EF12720070FDAF /* Info.plist */,
			);
			path = Core;
			sourceTree = "<group>";
		};
		6FB4D0CB23EF302200B1D981 /* Extension */ = {
			isa = PBXGroup;
			children = (
				6FB4D0CC23EF303D00B1D981 /* Color+Style.swift */,
				6FB4D0CE23EF30AC00B1D981 /* Color+Hex.swift */,
				6F39204623F8ACBE0061396C /* Storyboard+initViewController.swift */,
				6F39204923F8ACF10061396C /* NSObject+ClassName.swift */,
				6F23F45F23F984740047B9AB /* UIStoryboard+Name.swift */,
				85A111FD23FEF01B00A9E37D /* RealmResult+Array.swift */,
				6F10B0AF23FF371800358C2A /* TableView+RegisterCell.swift */,
				85DC58D6240582680076BACA /* UIView+Gradient.swift */,
			);
			path = Extension;
			sourceTree = "<group>";
		};
		6FB4D0D023EF661E00B1D981 /* About */ = {
			isa = PBXGroup;
			children = (
				6FB4D0D123EF663500B1D981 /* About.storyboard */,
				6FAA3F6C2411939800F41F20 /* AboutConfigurator.swift */,
				6FAA3F692411939400F41F20 /* AboutIteractor.swift */,
				6FAA3F6B2411939600F41F20 /* AboutPresenter.swift */,
				6FAA3F6D2411939900F41F20 /* AboutRouter.swift */,
				6FAA3F6A2411939500F41F20 /* AboutView.swift */,
			);
			path = About;
			sourceTree = "<group>";
		};
		6FBCFBF0240A7619006BDE89 /* Utils */ = {
			isa = PBXGroup;
			children = (
				6FBCFBF1240A762E006BDE89 /* AnimationFactory.swift */,
			);
			path = Utils;
			sourceTree = "<group>";
		};
		6FBCFBF3240A97FC006BDE89 /* ArticleDetails */ = {
			isa = PBXGroup;
			children = (
				6FBCFBF5240A9817006BDE89 /* ArticleDetailsConfigurator.swift */,
				6FBCFBF7240A981A006BDE89 /* ArticleDetailsInteractor.swift */,
				6FBCFBF4240A9816006BDE89 /* ArticleDetailsPresenter.swift */,
				6FBCFBF8240A981B006BDE89 /* ArticleDetailsRouter.swift */,
				6FBCFBF6240A9818006BDE89 /* ArticleDetailsViewController.swift */,
				6FA10485240AA54C0016D73A /* ArticleDetailsEntity.swift */,
			);
			path = ArticleDetails;
			sourceTree = "<group>";
		};
/* End PBXGroup section */

/* Begin PBXNativeTarget section */
		6F22A98023EF12700070FDAF /* KvartaKavy */ = {
			isa = PBXNativeTarget;
			buildConfigurationList = 6F22A99523EF12720070FDAF /* Build configuration list for PBXNativeTarget "KvartaKavy" */;
			buildPhases = (
				D22A60C7F184310383AB6661 /* [CP] Check Pods Manifest.lock */,
				6F22A97D23EF12700070FDAF /* Sources */,
				6F22A97E23EF12700070FDAF /* Frameworks */,
				6F22A97F23EF12700070FDAF /* Resources */,
				AA9BF6ADBC77BD460B52542B /* [CP] Embed Pods Frameworks */,
			);
			buildRules = (
			);
			dependencies = (
			);
			name = KvartaKavy;
			productName = KvartaKavy;
			productReference = 6F22A98123EF12700070FDAF /* Kvarta Kavy.app */;
			productType = "com.apple.product-type.application";
		};
/* End PBXNativeTarget section */

/* Begin PBXProject section */
		6F22A97923EF12700070FDAF /* Project object */ = {
			isa = PBXProject;
			attributes = {
				LastSwiftUpdateCheck = 1130;
				LastUpgradeCheck = 1130;
				ORGANIZATIONNAME = lilcappucc;
				TargetAttributes = {
					6F22A98023EF12700070FDAF = {
						CreatedOnToolsVersion = 11.3;
					};
				};
			};
			buildConfigurationList = 6F22A97C23EF12700070FDAF /* Build configuration list for PBXProject "KvartaKavy" */;
			compatibilityVersion = "Xcode 9.3";
			developmentRegion = en;
			hasScannedForEncodings = 0;
			knownRegions = (
				en,
				Base,
			);
			mainGroup = 6F22A97823EF12700070FDAF;
			productRefGroup = 6F22A98223EF12700070FDAF /* Products */;
			projectDirPath = "";
			projectRoot = "";
			targets = (
				6F22A98023EF12700070FDAF /* KvartaKavy */,
			);
		};
/* End PBXProject section */

/* Begin PBXResourcesBuildPhase section */
		6F22A97F23EF12700070FDAF /* Resources */ = {
			isa = PBXResourcesBuildPhase;
			buildActionMask = 2147483647;
			files = (
				6F1FE2EA2411980300CCB673 /* Authentication.storyboard in Resources */,
				6F22A99123EF12720070FDAF /* LaunchScreen.storyboard in Resources */,
				85DC58D424056FB20076BACA /* ArticleListTableViewCell.xib in Resources */,
				6FB4D0D223EF663500B1D981 /* About.storyboard in Resources */,
				6F22A9A023EF13400070FDAF /* Article.storyboard in Resources */,
				6F1A289624119CD900293C5C /* Sale.storyboard in Resources */,
				6F22A98E23EF12720070FDAF /* Assets.xcassets in Resources */,
				6F22A98C23EF12700070FDAF /* MainRoot.storyboard in Resources */,
				8557889023FAFB0A00A669EB /* GoogleService-Info.plist in Resources */,
			);
			runOnlyForDeploymentPostprocessing = 0;
		};
/* End PBXResourcesBuildPhase section */

/* Begin PBXShellScriptBuildPhase section */
		AA9BF6ADBC77BD460B52542B /* [CP] Embed Pods Frameworks */ = {
			isa = PBXShellScriptBuildPhase;
			buildActionMask = 2147483647;
			files = (
			);
			inputFileListPaths = (
				"${PODS_ROOT}/Target Support Files/Pods-KvartaKavy/Pods-KvartaKavy-frameworks-${CONFIGURATION}-input-files.xcfilelist",
			);
			name = "[CP] Embed Pods Frameworks";
			outputFileListPaths = (
				"${PODS_ROOT}/Target Support Files/Pods-KvartaKavy/Pods-KvartaKavy-frameworks-${CONFIGURATION}-output-files.xcfilelist",
			);
			runOnlyForDeploymentPostprocessing = 0;
			shellPath = /bin/sh;
			shellScript = "\"${PODS_ROOT}/Target Support Files/Pods-KvartaKavy/Pods-KvartaKavy-frameworks.sh\"\n";
			showEnvVarsInLog = 0;
		};
		D22A60C7F184310383AB6661 /* [CP] Check Pods Manifest.lock */ = {
			isa = PBXShellScriptBuildPhase;
			buildActionMask = 2147483647;
			files = (
			);
			inputFileListPaths = (
			);
			inputPaths = (
				"${PODS_PODFILE_DIR_PATH}/Podfile.lock",
				"${PODS_ROOT}/Manifest.lock",
			);
			name = "[CP] Check Pods Manifest.lock";
			outputFileListPaths = (
			);
			outputPaths = (
				"$(DERIVED_FILE_DIR)/Pods-KvartaKavy-checkManifestLockResult.txt",
			);
			runOnlyForDeploymentPostprocessing = 0;
			shellPath = /bin/sh;
			shellScript = "diff \"${PODS_PODFILE_DIR_PATH}/Podfile.lock\" \"${PODS_ROOT}/Manifest.lock\" > /dev/null\nif [ $? != 0 ] ; then\n    # print error to STDERR\n    echo \"error: The sandbox is not in sync with the Podfile.lock. Run 'pod install' or update your CocoaPods installation.\" >&2\n    exit 1\nfi\n# This output is used by Xcode 'outputs' to avoid re-running this script phase.\necho \"SUCCESS\" > \"${SCRIPT_OUTPUT_FILE_0}\"\n";
			showEnvVarsInLog = 0;
		};
/* End PBXShellScriptBuildPhase section */

/* Begin PBXSourcesBuildPhase section */
		6F22A97D23EF12700070FDAF /* Sources */ = {
			isa = PBXSourcesBuildPhase;
			buildActionMask = 2147483647;
			files = (
				85A111FE23FEF01B00A9E37D /* RealmResult+Array.swift in Sources */,
				8557889323FAFD2400A669EB /* ArticleLocal.swift in Sources */,
				6FBCFBF9240A981B006BDE89 /* ArticleDetailsPresenter.swift in Sources */,
				6F1FE2F5241199B500CCB673 /* SignUpConfigurator.swift in Sources */,
				6F1A289124119CC800293C5C /* SaleView.swift in Sources */,
				6F39204123F87D3A0061396C /* RemoteDataStore.swift in Sources */,
				6F39204323F87D930061396C /* Storable.swift in Sources */,
				6FAA3F722411939900F41F20 /* AboutRouter.swift in Sources */,
				6F1A289324119CC800293C5C /* SaleConfigurator.swift in Sources */,
				6FBCFBFC240A981B006BDE89 /* ArticleDetailsInteractor.swift in Sources */,
				6F1FE2E6241197B300CCB673 /* SignInView.swift in Sources */,
				6F10B0B023FF371800358C2A /* TableView+RegisterCell.swift in Sources */,
				6F1FE2F2241199B500CCB673 /* SignUpInteractor.swift in Sources */,
				6FAA3F6F2411939900F41F20 /* AboutView.swift in Sources */,
				6F28BE0024006DD600CD0A9D /* ArticleListDataSource.swift in Sources */,
				6F1FE2F4241199B500CCB673 /* SignUpPresenter.swift in Sources */,
				6FBCFBFB240A981B006BDE89 /* ArticleDetailsViewController.swift in Sources */,
				6F39203123F86D420061396C /* Viewable.swift in Sources */,
				6FB4D0CF23EF30AC00B1D981 /* Color+Hex.swift in Sources */,
				6F1FE2E7241197B300CCB673 /* SignInInteractor.swift in Sources */,
				6FAA3F712411939900F41F20 /* AboutConfigurator.swift in Sources */,
				6F23F46223F991430047B9AB /* ArticleListInteractor.swift in Sources */,
				6F1FE2E8241197B300CCB673 /* SignInPresenter.swift in Sources */,
				6F23F46023F984740047B9AB /* UIStoryboard+Name.swift in Sources */,
				6FF6422F23FF243D0065E65E /* LocalDataStore.swift in Sources */,
				6F39204A23F8ACF10061396C /* NSObject+ClassName.swift in Sources */,
				6F22A98523EF12700070FDAF /* AppDelegate.swift in Sources */,
				6F22A9A323EF13C40070FDAF /* ArticleListView.swift in Sources */,
				6FAA3F702411939900F41F20 /* AboutPresenter.swift in Sources */,
				6F22A99D23EF13190070FDAF /* RootTabBarController.swift in Sources */,
				6FBCFBFA240A981B006BDE89 /* ArticleDetailsConfigurator.swift in Sources */,
				6FA10486240AA54C0016D73A /* ArticleDetailsEntity.swift in Sources */,
				6F39204C23F8AD660061396C /* ArticleListPresenter.swift in Sources */,
				6F1A289424119CC800293C5C /* SaleLoginRouter.swift in Sources */,
				6FF6423123FF24C20065E65E /* DataStoreService.swift in Sources */,
				6F39204523F896600061396C /* ApiError.swift in Sources */,
				6FBCFBFF240A9C01006BDE89 /* ArticleListConfigurator.swift in Sources */,
				6F1FE2E5241197B300CCB673 /* SignInRouter.swift in Sources */,
				6FB4D0CD23EF303D00B1D981 /* Color+Style.swift in Sources */,
				85DC58D524056FB20076BACA /* ArticleListTableViewCell.swift in Sources */,
				6F1FE2F6241199B500CCB673 /* SignUpView.swift in Sources */,
				6F39202F23F86CAC0061396C /* Routerable.swift in Sources */,
				6F1FE2E4241197B300CCB673 /* SignInConfigurator.swift in Sources */,
				6FBCFBFD240A981B006BDE89 /* ArticleDetailsRouter.swift in Sources */,
				6F39203F23F8794A0061396C /* ArticleRemote.swift in Sources */,
				6F39203723F86DC00061396C /* TableViewItemDataSource.swift in Sources */,
				6F1A289024119CC800293C5C /* SaleInteractor.swift in Sources */,
				6F39204723F8ACBE0061396C /* Storyboard+initViewController.swift in Sources */,
				6F1FE2F3241199B500CCB673 /* SignUpRouter.swift in Sources */,
				6F1A289224119CC800293C5C /* SalePresenter.swift in Sources */,
				6F39203323F86D6E0061396C /* Presentable.swift in Sources */,
				6F23F45E23F984570047B9AB /* ArticleListRouter.swift in Sources */,
				6F39203523F86D8B0061396C /* Interactorable.swift in Sources */,
				6FAA3F6E2411939900F41F20 /* AboutIteractor.swift in Sources */,
				85DC58D7240582680076BACA /* UIView+Gradient.swift in Sources */,
				6FBCFBF2240A762E006BDE89 /* AnimationFactory.swift in Sources */,
			);
			runOnlyForDeploymentPostprocessing = 0;
		};
/* End PBXSourcesBuildPhase section */

/* Begin PBXVariantGroup section */
		6F22A98A23EF12700070FDAF /* MainRoot.storyboard */ = {
			isa = PBXVariantGroup;
			children = (
				6F22A98B23EF12700070FDAF /* Base */,
			);
			name = MainRoot.storyboard;
			sourceTree = "<group>";
		};
		6F22A98F23EF12720070FDAF /* LaunchScreen.storyboard */ = {
			isa = PBXVariantGroup;
			children = (
				6F22A99023EF12720070FDAF /* Base */,
			);
			name = LaunchScreen.storyboard;
			sourceTree = "<group>";
		};
/* End PBXVariantGroup section */

/* Begin XCBuildConfiguration section */
		6F22A99323EF12720070FDAF /* Debug */ = {
			isa = XCBuildConfiguration;
			buildSettings = {
				ALWAYS_SEARCH_USER_PATHS = NO;
				CLANG_ANALYZER_NONNULL = YES;
				CLANG_ANALYZER_NUMBER_OBJECT_CONVERSION = YES_AGGRESSIVE;
				CLANG_CXX_LANGUAGE_STANDARD = "gnu++14";
				CLANG_CXX_LIBRARY = "libc++";
				CLANG_ENABLE_MODULES = YES;
				CLANG_ENABLE_OBJC_ARC = YES;
				CLANG_ENABLE_OBJC_WEAK = YES;
				CLANG_WARN_BLOCK_CAPTURE_AUTORELEASING = YES;
				CLANG_WARN_BOOL_CONVERSION = YES;
				CLANG_WARN_COMMA = YES;
				CLANG_WARN_CONSTANT_CONVERSION = YES;
				CLANG_WARN_DEPRECATED_OBJC_IMPLEMENTATIONS = YES;
				CLANG_WARN_DIRECT_OBJC_ISA_USAGE = YES_ERROR;
				CLANG_WARN_DOCUMENTATION_COMMENTS = YES;
				CLANG_WARN_EMPTY_BODY = YES;
				CLANG_WARN_ENUM_CONVERSION = YES;
				CLANG_WARN_INFINITE_RECURSION = YES;
				CLANG_WARN_INT_CONVERSION = YES;
				CLANG_WARN_NON_LITERAL_NULL_CONVERSION = YES;
				CLANG_WARN_OBJC_IMPLICIT_RETAIN_SELF = YES;
				CLANG_WARN_OBJC_LITERAL_CONVERSION = YES;
				CLANG_WARN_OBJC_ROOT_CLASS = YES_ERROR;
				CLANG_WARN_RANGE_LOOP_ANALYSIS = YES;
				CLANG_WARN_STRICT_PROTOTYPES = YES;
				CLANG_WARN_SUSPICIOUS_MOVE = YES;
				CLANG_WARN_UNGUARDED_AVAILABILITY = YES_AGGRESSIVE;
				CLANG_WARN_UNREACHABLE_CODE = YES;
				CLANG_WARN__DUPLICATE_METHOD_MATCH = YES;
				COPY_PHASE_STRIP = NO;
				DEBUG_INFORMATION_FORMAT = dwarf;
				ENABLE_STRICT_OBJC_MSGSEND = YES;
				ENABLE_TESTABILITY = YES;
				GCC_C_LANGUAGE_STANDARD = gnu11;
				GCC_DYNAMIC_NO_PIC = NO;
				GCC_NO_COMMON_BLOCKS = YES;
				GCC_OPTIMIZATION_LEVEL = 0;
				GCC_PREPROCESSOR_DEFINITIONS = (
					"DEBUG=1",
					"$(inherited)",
				);
				GCC_WARN_64_TO_32_BIT_CONVERSION = YES;
				GCC_WARN_ABOUT_RETURN_TYPE = YES_ERROR;
				GCC_WARN_UNDECLARED_SELECTOR = YES;
				GCC_WARN_UNINITIALIZED_AUTOS = YES_AGGRESSIVE;
				GCC_WARN_UNUSED_FUNCTION = YES;
				GCC_WARN_UNUSED_VARIABLE = YES;
				IPHONEOS_DEPLOYMENT_TARGET = 13.2;
				MTL_ENABLE_DEBUG_INFO = INCLUDE_SOURCE;
				MTL_FAST_MATH = YES;
				ONLY_ACTIVE_ARCH = YES;
				SDKROOT = iphoneos;
				SWIFT_ACTIVE_COMPILATION_CONDITIONS = DEBUG;
				SWIFT_OPTIMIZATION_LEVEL = "-Onone";
			};
			name = Debug;
		};
		6F22A99423EF12720070FDAF /* Release */ = {
			isa = XCBuildConfiguration;
			buildSettings = {
				ALWAYS_SEARCH_USER_PATHS = NO;
				CLANG_ANALYZER_NONNULL = YES;
				CLANG_ANALYZER_NUMBER_OBJECT_CONVERSION = YES_AGGRESSIVE;
				CLANG_CXX_LANGUAGE_STANDARD = "gnu++14";
				CLANG_CXX_LIBRARY = "libc++";
				CLANG_ENABLE_MODULES = YES;
				CLANG_ENABLE_OBJC_ARC = YES;
				CLANG_ENABLE_OBJC_WEAK = YES;
				CLANG_WARN_BLOCK_CAPTURE_AUTORELEASING = YES;
				CLANG_WARN_BOOL_CONVERSION = YES;
				CLANG_WARN_COMMA = YES;
				CLANG_WARN_CONSTANT_CONVERSION = YES;
				CLANG_WARN_DEPRECATED_OBJC_IMPLEMENTATIONS = YES;
				CLANG_WARN_DIRECT_OBJC_ISA_USAGE = YES_ERROR;
				CLANG_WARN_DOCUMENTATION_COMMENTS = YES;
				CLANG_WARN_EMPTY_BODY = YES;
				CLANG_WARN_ENUM_CONVERSION = YES;
				CLANG_WARN_INFINITE_RECURSION = YES;
				CLANG_WARN_INT_CONVERSION = YES;
				CLANG_WARN_NON_LITERAL_NULL_CONVERSION = YES;
				CLANG_WARN_OBJC_IMPLICIT_RETAIN_SELF = YES;
				CLANG_WARN_OBJC_LITERAL_CONVERSION = YES;
				CLANG_WARN_OBJC_ROOT_CLASS = YES_ERROR;
				CLANG_WARN_RANGE_LOOP_ANALYSIS = YES;
				CLANG_WARN_STRICT_PROTOTYPES = YES;
				CLANG_WARN_SUSPICIOUS_MOVE = YES;
				CLANG_WARN_UNGUARDED_AVAILABILITY = YES_AGGRESSIVE;
				CLANG_WARN_UNREACHABLE_CODE = YES;
				CLANG_WARN__DUPLICATE_METHOD_MATCH = YES;
				COPY_PHASE_STRIP = NO;
				DEBUG_INFORMATION_FORMAT = "dwarf-with-dsym";
				ENABLE_NS_ASSERTIONS = NO;
				ENABLE_STRICT_OBJC_MSGSEND = YES;
				GCC_C_LANGUAGE_STANDARD = gnu11;
				GCC_NO_COMMON_BLOCKS = YES;
				GCC_WARN_64_TO_32_BIT_CONVERSION = YES;
				GCC_WARN_ABOUT_RETURN_TYPE = YES_ERROR;
				GCC_WARN_UNDECLARED_SELECTOR = YES;
				GCC_WARN_UNINITIALIZED_AUTOS = YES_AGGRESSIVE;
				GCC_WARN_UNUSED_FUNCTION = YES;
				GCC_WARN_UNUSED_VARIABLE = YES;
				IPHONEOS_DEPLOYMENT_TARGET = 13.2;
				MTL_ENABLE_DEBUG_INFO = NO;
				MTL_FAST_MATH = YES;
				SDKROOT = iphoneos;
				SWIFT_COMPILATION_MODE = wholemodule;
				SWIFT_OPTIMIZATION_LEVEL = "-O";
				VALIDATE_PRODUCT = YES;
			};
			name = Release;
		};
		6F22A99623EF12720070FDAF /* Debug */ = {
			isa = XCBuildConfiguration;
			baseConfigurationReference = 189530BBB1549E2FC407D201 /* Pods-KvartaKavy.debug.xcconfig */;
			buildSettings = {
				ASSETCATALOG_COMPILER_APPICON_NAME = AppIcon;
				CODE_SIGN_STYLE = Automatic;
				DEVELOPMENT_TEAM = Y7693M9CNF;
				INFOPLIST_FILE = KvartaKavy/Core/Info.plist;
				IPHONEOS_DEPLOYMENT_TARGET = 12.0;
				LD_RUNPATH_SEARCH_PATHS = (
					"$(inherited)",
					"@executable_path/Frameworks",
				);
				PRODUCT_BUNDLE_IDENTIFIER = com.tasty.KvartaKavy;
				PRODUCT_NAME = "Kvarta Kavy";
				SWIFT_VERSION = 5.0;
				TARGETED_DEVICE_FAMILY = 1;
			};
			name = Debug;
		};
		6F22A99723EF12720070FDAF /* Release */ = {
			isa = XCBuildConfiguration;
			baseConfigurationReference = E2BBDBDA5C97BF53F7647E2B /* Pods-KvartaKavy.release.xcconfig */;
			buildSettings = {
				ASSETCATALOG_COMPILER_APPICON_NAME = AppIcon;
				CODE_SIGN_STYLE = Automatic;
				DEVELOPMENT_TEAM = Y7693M9CNF;
				INFOPLIST_FILE = KvartaKavy/Core/Info.plist;
				IPHONEOS_DEPLOYMENT_TARGET = 12.0;
				LD_RUNPATH_SEARCH_PATHS = (
					"$(inherited)",
					"@executable_path/Frameworks",
				);
				PRODUCT_BUNDLE_IDENTIFIER = com.tasty.KvartaKavy;
				PRODUCT_NAME = "Kvarta Kavy";
				SWIFT_VERSION = 5.0;
				TARGETED_DEVICE_FAMILY = 1;
			};
			name = Release;
		};
/* End XCBuildConfiguration section */

/* Begin XCConfigurationList section */
		6F22A97C23EF12700070FDAF /* Build configuration list for PBXProject "KvartaKavy" */ = {
			isa = XCConfigurationList;
			buildConfigurations = (
				6F22A99323EF12720070FDAF /* Debug */,
				6F22A99423EF12720070FDAF /* Release */,
			);
			defaultConfigurationIsVisible = 0;
			defaultConfigurationName = Release;
		};
		6F22A99523EF12720070FDAF /* Build configuration list for PBXNativeTarget "KvartaKavy" */ = {
			isa = XCConfigurationList;
			buildConfigurations = (
				6F22A99623EF12720070FDAF /* Debug */,
				6F22A99723EF12720070FDAF /* Release */,
			);
			defaultConfigurationIsVisible = 0;
			defaultConfigurationName = Release;
		};
/* End XCConfigurationList section */
	};
	rootObject = 6F22A97923EF12700070FDAF /* Project object */;
}
